
Microsoft Visual Studio Solution File, Format Version 12.00
# Visual Studio Version 18
VisualStudioVersion = 18.3.11520.95 d18.3
MinimumVisualStudioVersion = 10.0.40219.1
Project("{FAE04EC0-301F-11D3-BF4B-00C04F79EFBC}") = "CardDexETL", "CardDexETL.csproj", "{52A46E78-D049-5D59-E6CF-A919269B8EAB}"
EndProject
Global
	GlobalSection(SolutionConfigurationPlatforms) = preSolution
		Debug|Any CPU = Debug|Any CPU
		Release|Any CPU = Release|Any CPU
	EndGlobalSection
	GlobalSection(ProjectConfigurationPlatforms) = postSolution
		{52A46E78-D049-5D59-E6CF-A919269B8EAB}.Debug|Any CPU.ActiveCfg = Debug|Any CPU
		{52A46E78-D049-5D59-E6CF-A919269B8EAB}.Debug|Any CPU.Build.0 = Debug|Any CPU
		{52A46E78-D049-5D59-E6CF-A919269B8EAB}.Release|Any CPU.ActiveCfg = Release|Any CPU
		{52A46E78-D049-5D59-E6CF-A919269B8EAB}.Release|Any CPU.Build.0 = Release|Any CPU
	EndGlobalSection
	GlobalSection(SolutionProperties) = preSolution
		HideSolutionNode = FALSE
	EndGlobalSection
	GlobalSection(ExtensibilityGlobals) = postSolution
		SolutionGuid = {0432C0B0-1915-45DE-A40F-919AAFE8379F}
	EndGlobalSection
EndGlobal
